
Microsoft Visual Studio Solution File, Format Version 12.00
# Visual Studio Version 17
VisualStudioVersion = 17.3.32922.545
MinimumVisualStudioVersion = 10.0.40219.1
Project("{FAE04EC0-301F-11D3-BF4B-00C04F79EFBC}") = "sdp_03", "sdp_03.csproj", "{A755AB11-5DDA-4A3E-9272-65D5F8426104}"
EndProject
Global
	GlobalSection(SolutionConfigurationPlatforms) = preSolution
		Debug|Any CPU = Debug|Any CPU
		Release|Any CPU = Release|Any CPU
	EndGlobalSection
	GlobalSection(ProjectConfigurationPlatforms) = postSolution
		{A755AB11-5DDA-4A3E-9272-65D5F8426104}.Debug|Any CPU.ActiveCfg = Debug|Any CPU
		{A755AB11-5DDA-4A3E-9272-65D5F8426104}.Debug|Any CPU.Build.0 = Debug|Any CPU
		{A755AB11-5DDA-4A3E-9272-65D5F8426104}.Release|Any CPU.ActiveCfg = Release|Any CPU
		{A755AB11-5DDA-4A3E-9272-65D5F8426104}.Release|Any CPU.Build.0 = Release|Any CPU
	EndGlobalSection
	GlobalSection(SolutionProperties) = preSolution
		HideSolutionNode = FALSE
	EndGlobalSection
	GlobalSection(ExtensibilityGlobals) = postSolution
		SolutionGuid = {1CD43560-2B32-4D3A-B626-832C442F527F}
	EndGlobalSection
EndGlobal
