
Microsoft Visual Studio Solution File, Format Version 12.00
# Visual Studio Version 17
VisualStudioVersion = 17.5.33424.131
MinimumVisualStudioVersion = 10.0.40219.1
Project("{FAE04EC0-301F-11D3-BF4B-00C04F79EFBC}") = "penA_v4", "penA_v4.csproj", "{E563759E-0010-4062-874A-BD6A0302DACF}"
EndProject
Global
	GlobalSection(SolutionConfigurationPlatforms) = preSolution
		Debug|Any CPU = Debug|Any CPU
		Release|Any CPU = Release|Any CPU
	EndGlobalSection
	GlobalSection(ProjectConfigurationPlatforms) = postSolution
		{E563759E-0010-4062-874A-BD6A0302DACF}.Debug|Any CPU.ActiveCfg = Debug|Any CPU
		{E563759E-0010-4062-874A-BD6A0302DACF}.Debug|Any CPU.Build.0 = Debug|Any CPU
		{E563759E-0010-4062-874A-BD6A0302DACF}.Release|Any CPU.ActiveCfg = Release|Any CPU
		{E563759E-0010-4062-874A-BD6A0302DACF}.Release|Any CPU.Build.0 = Release|Any CPU
	EndGlobalSection
	GlobalSection(SolutionProperties) = preSolution
		HideSolutionNode = FALSE
	EndGlobalSection
	GlobalSection(ExtensibilityGlobals) = postSolution
		SolutionGuid = {B38AE54A-2EA1-4859-A37E-3370AB58CC3E}
	EndGlobalSection
EndGlobal
