
Microsoft Visual Studio Solution File, Format Version 12.00
# Visual Studio Version 17
VisualStudioVersion = 17.3.32922.545
MinimumVisualStudioVersion = 10.0.40219.1
Project("{FAE04EC0-301F-11D3-BF4B-00C04F79EFBC}") = "sdp_02", "sdp_02.csproj", "{3366A239-5353-49F8-8418-9EA678784E7B}"
EndProject
Global
	GlobalSection(SolutionConfigurationPlatforms) = preSolution
		Debug|Any CPU = Debug|Any CPU
		Release|Any CPU = Release|Any CPU
	EndGlobalSection
	GlobalSection(ProjectConfigurationPlatforms) = postSolution
		{3366A239-5353-49F8-8418-9EA678784E7B}.Debug|Any CPU.ActiveCfg = Debug|Any CPU
		{3366A239-5353-49F8-8418-9EA678784E7B}.Debug|Any CPU.Build.0 = Debug|Any CPU
		{3366A239-5353-49F8-8418-9EA678784E7B}.Release|Any CPU.ActiveCfg = Release|Any CPU
		{3366A239-5353-49F8-8418-9EA678784E7B}.Release|Any CPU.Build.0 = Release|Any CPU
	EndGlobalSection
	GlobalSection(SolutionProperties) = preSolution
		HideSolutionNode = FALSE
	EndGlobalSection
	GlobalSection(ExtensibilityGlobals) = postSolution
		SolutionGuid = {20DE451E-F758-47E7-B6B3-C8DF0ACF5D66}
	EndGlobalSection
EndGlobal
